# This file is autogenerated, do not edit; changes may be undone by the next 'dep ensure'.


[[projects]]
  digest = "1:6ed291320cec82d64b4b2fa9e6ac8b313b2140ef8cfe45b04b88a5f686bcd548"
  name = "github.com/360EntSecGroup-Skylar/excelize"
  packages = ["."]
  pruneopts = "UT"
  revision = "6d634ca320acca28a84f25888a04c0861548d5ed"
  version = "v1.2.0"

[solve-meta]
  analyzer-name = "dep"
  analyzer-version = 1
  input-imports = ["github.com/360EntSecGroup-Skylar/excelize"]
  solver-name = "gps-cdcl"
  solver-version = 1
